
Microsoft Visual Studio Solution File, Format Version 12.00
# Visual Studio Version 18
VisualStudioVersion = 18.6.11822.322 stable
MinimumVisualStudioVersion = 10.0.40219.1
Project("{FAE04EC0-301F-11D3-BF4B-00C04F79EFBC}") = "WinTube", "WinTube.csproj", "{DBCA4FD5-5B74-35A9-CAB2-8D15D10B1E75}"
EndProject
Global
	GlobalSection(SolutionConfigurationPlatforms) = preSolution
		Debug|Any CPU = Debug|Any CPU
		Release|Any CPU = Release|Any CPU
	EndGlobalSection
	GlobalSection(ProjectConfigurationPlatforms) = postSolution
		{DBCA4FD5-5B74-35A9-CAB2-8D15D10B1E75}.Debug|Any CPU.ActiveCfg = Debug|Any CPU
		{DBCA4FD5-5B74-35A9-CAB2-8D15D10B1E75}.Debug|Any CPU.Build.0 = Debug|Any CPU
		{DBCA4FD5-5B74-35A9-CAB2-8D15D10B1E75}.Release|Any CPU.ActiveCfg = Release|Any CPU
		{DBCA4FD5-5B74-35A9-CAB2-8D15D10B1E75}.Release|Any CPU.Build.0 = Release|Any CPU
	EndGlobalSection
	GlobalSection(SolutionProperties) = preSolution
		HideSolutionNode = FALSE
	EndGlobalSection
	GlobalSection(ExtensibilityGlobals) = postSolution
		SolutionGuid = {F7C15578-1784-41FF-A037-C530327A7B0F}
	EndGlobalSection
EndGlobal
